<Solution>
  <Folder Name="/examples/">
    <Project Path="examples/DancingGoat/DancingGoat.csproj" />
  </Folder>
  <Folder Name="/src/">
    <Project Path="src/Kentico.Xperience.Labs.ContentModelGraph/Kentico.Xperience.Labs.ContentModelGraph.csproj" />
  </Folder>
  <Folder Name="/tests/">
    <Project Path="tests/Kentico.Xperience.Labs.ContentModelGraph.Tests/Kentico.Xperience.Labs.ContentModelGraph.Tests.csproj" />
  </Folder>
</Solution>
